// !$*UTF8*$!
{
	archiveVersion = 1;
	classes = {
	};
	objectVersion = 77;
	objects = {

/* Begin PBXBuildFile section */
		0B69FAC233A69481DF432DFA /* Foundation.framework in Frameworks */ = {isa = PBXBuildFile; fileRef = 6E092F171D0434529A407C8D /* Foundation.framework */; };
		3EDA381B31F84E7F41F63970 /* AtmosphereTests.swift in Sources */ = {isa = PBXBuildFile; fileRef = 92ACF218940D7FE122680035 /* AtmosphereTests.swift */; };
		5F12398C00E671E2C14A02F7 /* FocusGardenWidgetExtension.appex in Embed App Extensions */ = {isa = PBXBuildFile; fileRef = 00E5C272862C28E56EB75253 /* FocusGardenWidgetExtension.appex */; };
		66771BC73F77B55DF9806F16 /* FocusSessionActivity.swift in Sources */ = {isa = PBXBuildFile; fileRef = E8BE811A92AFBD0C645FC72C /* FocusSessionActivity.swift */; };
		911E01DB120A17FDABF0E9E1 /* FocusTimerViewModelTests.swift in Sources */ = {isa = PBXBuildFile; fileRef = 9A6595E49321290090DBE088 /* FocusTimerViewModelTests.swift */; };
		D130FCE2F7AF65291040B5A4 /* Foundation.framework in Frameworks */ = {isa = PBXBuildFile; fileRef = 6E092F171D0434529A407C8D /* Foundation.framework */; };
		D68C4B023C4CC95EF0AFFC6E /* FocusGardenWidgetBundle.swift in Sources */ = {isa = PBXBuildFile; fileRef = AE3A17BA29F8FD03C8F9C667 /* FocusGardenWidgetBundle.swift */; };
/* End PBXBuildFile section */

/* Begin PBXContainerItemProxy section */
		599939BD90184AB058E6B875 /* PBXContainerItemProxy */ = {
			isa = PBXContainerItemProxy;
			containerPortal = D1C281682F66050E008F712E /* Project object */;
			proxyType = 1;
			remoteGlobalIDString = D1C2816F2F66050E008F712E;
			remoteInfo = FocusGarden;
		};
		F0E8E0D2EADDA0A3DADEB2EB /* PBXContainerItemProxy */ = {
			isa = PBXContainerItemProxy;
			containerPortal = D1C281682F66050E008F712E /* Project object */;
			proxyType = 1;
			remoteGlobalIDString = 1CB133ABD2FAA92327662EF8;
			remoteInfo = FocusGardenWidgetExtension;
		};
/* End PBXContainerItemProxy section */

/* Begin PBXCopyFilesBuildPhase section */
		FC596A09A33BF89063E6B3B9 /* Embed App Extensions */ = {
			isa = PBXCopyFilesBuildPhase;
			buildActionMask = 2147483647;
			dstPath = "";
			dstSubfolderSpec = 13;
			files = (
				5F12398C00E671E2C14A02F7 /* FocusGardenWidgetExtension.appex in Embed App Extensions */,
			);
			name = "Embed App Extensions";
			runOnlyForDeploymentPostprocessing = 0;
		};
/* End PBXCopyFilesBuildPhase section */

/* Begin PBXFileReference section */
		00E5C272862C28E56EB75253 /* FocusGardenWidgetExtension.appex */ = {isa = PBXFileReference; explicitFileType = "wrapper.app-extension"; includeInIndex = 0; path = FocusGardenWidgetExtension.appex; sourceTree = BUILT_PRODUCTS_DIR; };
		6E092F171D0434529A407C8D /* Foundation.framework */ = {isa = PBXFileReference; lastKnownFileType = wrapper.framework; name = Foundation.framework; path = Platforms/iPhoneOS.platform/Developer/SDKs/iPhoneOS18.0.sdk/System/Library/Frameworks/Foundation.framework; sourceTree = DEVELOPER_DIR; };
		8B041E5FB775F9B227B8396F /* FocusGardenTests.xctest */ = {isa = PBXFileReference; explicitFileType = wrapper.cfbundle; includeInIndex = 0; path = FocusGardenTests.xctest; sourceTree = BUILT_PRODUCTS_DIR; };
		92ACF218940D7FE122680035 /* AtmosphereTests.swift */ = {isa = PBXFileReference; includeInIndex = 1; lastKnownFileType = sourcecode.swift; path = AtmosphereTests.swift; sourceTree = "<group>"; };
		9A6595E49321290090DBE088 /* FocusTimerViewModelTests.swift */ = {isa = PBXFileReference; includeInIndex = 1; lastKnownFileType = sourcecode.swift; path = FocusTimerViewModelTests.swift; sourceTree = "<group>"; };
		AE3A17BA29F8FD03C8F9C667 /* FocusGardenWidgetBundle.swift */ = {isa = PBXFileReference; includeInIndex = 1; lastKnownFileType = sourcecode.swift; path = FocusGardenWidgetBundle.swift; sourceTree = "<group>"; };
		D1C281702F66050E008F712E /* FocusGarden.app */ = {isa = PBXFileReference; explicitFileType = wrapper.application; includeInIndex = 0; path = FocusGarden.app; sourceTree = BUILT_PRODUCTS_DIR; };
		E8BE811A92AFBD0C645FC72C /* FocusSessionActivity.swift */ = {isa = PBXFileReference; includeInIndex = 1; lastKnownFileType = sourcecode.swift; name = FocusSessionActivity.swift; path = FocusGarden/FocusSessionActivity.swift; sourceTree = "<group>"; };
/* End PBXFileReference section */

/* Begin PBXFileSystemSynchronizedBuildFileExceptionSet section */
		AA0000000000000000000001 /* Exceptions for "FocusGarden" folder in "FocusGarden" target */ = {
			isa = PBXFileSystemSynchronizedBuildFileExceptionSet;
			membershipExceptions = (
				Info.plist,
			);
			target = D1C2816F2F66050E008F712E /* FocusGarden */;
		};
/* End PBXFileSystemSynchronizedBuildFileExceptionSet section */

/* Begin PBXFileSystemSynchronizedRootGroup section */
		D1C281722F66050E008F712E /* FocusGarden */ = {
			isa = PBXFileSystemSynchronizedRootGroup;
			exceptions = (
				AA0000000000000000000001 /* Exceptions for "FocusGarden" folder in "FocusGarden" target */,
			);
			path = FocusGarden;
			sourceTree = "<group>";
		};
/* End PBXFileSystemSynchronizedRootGroup section */

/* Begin PBXFrameworksBuildPhase section */
		68F5C16C981B187F747D8E31 /* Frameworks */ = {
			isa = PBXFrameworksBuildPhase;
			buildActionMask = 2147483647;
			files = (
				D130FCE2F7AF65291040B5A4 /* Foundation.framework in Frameworks */,
			);
			runOnlyForDeploymentPostprocessing = 0;
		};
		D1C2816D2F66050E008F712E /* Frameworks */ = {
			isa = PBXFrameworksBuildPhase;
			buildActionMask = 2147483647;
			files = (
			);
			runOnlyForDeploymentPostprocessing = 0;
		};
		D5A30773E566EC7E519009C4 /* Frameworks */ = {
			isa = PBXFrameworksBuildPhase;
			buildActionMask = 2147483647;
			files = (
				0B69FAC233A69481DF432DFA /* Foundation.framework in Frameworks */,
			);
			runOnlyForDeploymentPostprocessing = 0;
		};
/* End PBXFrameworksBuildPhase section */

/* Begin PBXGroup section */
		1B2208AA73F69B3D53C93A24 /* iOS */ = {
			isa = PBXGroup;
			children = (
				6E092F171D0434529A407C8D /* Foundation.framework */,
			);
			name = iOS;
			sourceTree = "<group>";
		};
		4C8B7E89A83863F115E6F75C /* Frameworks */ = {
			isa = PBXGroup;
			children = (
				1B2208AA73F69B3D53C93A24 /* iOS */,
			);
			name = Frameworks;
			sourceTree = "<group>";
		};
		92647C83A7E7BCFE2F90DB76 /* FocusGardenTests */ = {
			isa = PBXGroup;
			children = (
				9A6595E49321290090DBE088 /* FocusTimerViewModelTests.swift */,
				92ACF218940D7FE122680035 /* AtmosphereTests.swift */,
			);
			name = FocusGardenTests;
			path = FocusGardenTests;
			sourceTree = "<group>";
		};
		D1C281672F66050E008F712E = {
			isa = PBXGroup;
			children = (
				D1C281722F66050E008F712E /* FocusGarden */,
				D1C281712F66050E008F712E /* Products */,
				4C8B7E89A83863F115E6F75C /* Frameworks */,
				EABE944D9FF291C9298AA450 /* FocusGardenWidgetExtension */,
				E8BE811A92AFBD0C645FC72C /* FocusSessionActivity.swift */,
				92647C83A7E7BCFE2F90DB76 /* FocusGardenTests */,
			);
			sourceTree = "<group>";
		};
		D1C281712F66050E008F712E /* Products */ = {
			isa = PBXGroup;
			children = (
				D1C281702F66050E008F712E /* FocusGarden.app */,
				00E5C272862C28E56EB75253 /* FocusGardenWidgetExtension.appex */,
				8B041E5FB775F9B227B8396F /* FocusGardenTests.xctest */,
			);
			name = Products;
			sourceTree = "<group>";
		};
		EABE944D9FF291C9298AA450 /* FocusGardenWidgetExtension */ = {
			isa = PBXGroup;
			children = (
				AE3A17BA29F8FD03C8F9C667 /* FocusGardenWidgetBundle.swift */,
			);
			path = FocusGardenWidgetExtension;
			sourceTree = "<group>";
		};
/* End PBXGroup section */

/* Begin PBXNativeTarget section */
		1CB133ABD2FAA92327662EF8 /* FocusGardenWidgetExtension */ = {
			isa = PBXNativeTarget;
			buildConfigurationList = 3A35C4139F1E31565A8B262C /* Build configuration list for PBXNativeTarget "FocusGardenWidgetExtension" */;
			buildPhases = (
				24EE99CA4099C5281090637C /* Sources */,
				D5A30773E566EC7E519009C4 /* Frameworks */,
				9F70AF21488158B49C22A800 /* Resources */,
			);
			buildRules = (
			);
			dependencies = (
			);
			name = FocusGardenWidgetExtension;
			productName = FocusGardenWidgetExtension;
			productReference = 00E5C272862C28E56EB75253 /* FocusGardenWidgetExtension.appex */;
			productType = "com.apple.product-type.app-extension";
		};
		B833FF66925BF8339D29C0A2 /* FocusGardenTests */ = {
			isa = PBXNativeTarget;
			buildConfigurationList = 381A9AC057459DFFE6C3267A /* Build configuration list for PBXNativeTarget "FocusGardenTests" */;
			buildPhases = (
				D90F28C625BF221D8DF4DF66 /* Sources */,
				68F5C16C981B187F747D8E31 /* Frameworks */,
				DA84F08486820156C1D8FD01 /* Resources */,
			);
			buildRules = (
			);
			dependencies = (
				976EDBC5FBE34BF36D1FB270 /* PBXTargetDependency */,
			);
			name = FocusGardenTests;
			productName = FocusGardenTests;
			productReference = 8B041E5FB775F9B227B8396F /* FocusGardenTests.xctest */;
			productType = "com.apple.product-type.bundle.unit-test";
		};
		D1C2816F2F66050E008F712E /* FocusGarden */ = {
			isa = PBXNativeTarget;
			buildConfigurationList = D1C2817D2F66050F008F712E /* Build configuration list for PBXNativeTarget "FocusGarden" */;
			buildPhases = (
				D1C2816C2F66050E008F712E /* Sources */,
				D1C2816D2F66050E008F712E /* Frameworks */,
				D1C2816E2F66050E008F712E /* Resources */,
				FC596A09A33BF89063E6B3B9 /* Embed App Extensions */,
			);
			buildRules = (
			);
			dependencies = (
				A44B866D0F94F6A18239A64F /* PBXTargetDependency */,
			);
			fileSystemSynchronizedGroups = (
				D1C281722F66050E008F712E /* FocusGarden */,
			);
			name = FocusGarden;
			productName = FocusGarden;
			productReference = D1C281702F66050E008F712E /* FocusGarden.app */;
			productType = "com.apple.product-type.application";
		};
/* End PBXNativeTarget section */

/* Begin PBXProject section */
		D1C281682F66050E008F712E /* Project object */ = {
			isa = PBXProject;
			attributes = {
				BuildIndependentTargetsInParallel = 1;
				LastSwiftUpdateCheck = 2630;
				LastUpgradeCheck = 2630;
				TargetAttributes = {
					1CB133ABD2FAA92327662EF8 = {
						CreatedOnToolsVersion = 26.3;
					};
					B833FF66925BF8339D29C0A2 = {
						CreatedOnToolsVersion = 26.3;
						TestTargetID = D1C2816F2F66050E008F712E;
					};
					D1C2816F2F66050E008F712E = {
						CreatedOnToolsVersion = 26.3;
					};
				};
			};
			buildConfigurationList = D1C2816B2F66050E008F712E /* Build configuration list for PBXProject "FocusGarden" */;
			developmentRegion = en;
			hasScannedForEncodings = 0;
			knownRegions = (
				en,
				Base,
				tr,
				"zh-Hans",
			);
			mainGroup = D1C281672F66050E008F712E;
			minimizedProjectReferenceProxies = 1;
			preferredProjectObjectVersion = 77;
			productRefGroup = D1C281712F66050E008F712E /* Products */;
			projectDirPath = "";
			projectRoot = "";
			targets = (
				D1C2816F2F66050E008F712E /* FocusGarden */,
				1CB133ABD2FAA92327662EF8 /* FocusGardenWidgetExtension */,
				B833FF66925BF8339D29C0A2 /* FocusGardenTests */,
			);
		};
/* End PBXProject section */

/* Begin PBXResourcesBuildPhase section */
		9F70AF21488158B49C22A800 /* Resources */ = {
			isa = PBXResourcesBuildPhase;
			buildActionMask = 2147483647;
			files = (
			);
			runOnlyForDeploymentPostprocessing = 0;
		};
		D1C2816E2F66050E008F712E /* Resources */ = {
			isa = PBXResourcesBuildPhase;
			buildActionMask = 2147483647;
			files = (
			);
			runOnlyForDeploymentPostprocessing = 0;
		};
		DA84F08486820156C1D8FD01 /* Resources */ = {
			isa = PBXResourcesBuildPhase;
			buildActionMask = 2147483647;
			files = (
			);
			runOnlyForDeploymentPostprocessing = 0;
		};
/* End PBXResourcesBuildPhase section */

/* Begin PBXSourcesBuildPhase section */
		24EE99CA4099C5281090637C /* Sources */ = {
			isa = PBXSourcesBuildPhase;
			buildActionMask = 2147483647;
			files = (
				D68C4B023C4CC95EF0AFFC6E /* FocusGardenWidgetBundle.swift in Sources */,
				66771BC73F77B55DF9806F16 /* FocusSessionActivity.swift in Sources */,
			);
			runOnlyForDeploymentPostprocessing = 0;
		};
		D1C2816C2F66050E008F712E /* Sources */ = {
			isa = PBXSourcesBuildPhase;
			buildActionMask = 2147483647;
			files = (
			);
			runOnlyForDeploymentPostprocessing = 0;
		};
		D90F28C625BF221D8DF4DF66 /* Sources */ = {
			isa = PBXSourcesBuildPhase;
			buildActionMask = 2147483647;
			files = (
				911E01DB120A17FDABF0E9E1 /* FocusTimerViewModelTests.swift in Sources */,
				3EDA381B31F84E7F41F63970 /* AtmosphereTests.swift in Sources */,
			);
			runOnlyForDeploymentPostprocessing = 0;
		};
/* End PBXSourcesBuildPhase section */

/* Begin PBXTargetDependency section */
		976EDBC5FBE34BF36D1FB270 /* PBXTargetDependency */ = {
			isa = PBXTargetDependency;
			name = FocusGarden;
			target = D1C2816F2F66050E008F712E /* FocusGarden */;
			targetProxy = 599939BD90184AB058E6B875 /* PBXContainerItemProxy */;
		};
		A44B866D0F94F6A18239A64F /* PBXTargetDependency */ = {
			isa = PBXTargetDependency;
			name = FocusGardenWidgetExtension;
			target = 1CB133ABD2FAA92327662EF8 /* FocusGardenWidgetExtension */;
			targetProxy = F0E8E0D2EADDA0A3DADEB2EB /* PBXContainerItemProxy */;
		};
/* End PBXTargetDependency section */

/* Begin XCBuildConfiguration section */
		0F6C5CCC81A83BBC8E58CE73 /* Release */ = {
			isa = XCBuildConfiguration;
			buildSettings = {
				BUNDLE_LOADER = "$(TEST_HOST)";
				CLANG_ENABLE_OBJC_WEAK = NO;
				CODE_SIGN_STYLE = Automatic;
				CURRENT_PROJECT_VERSION = 1;
				DEVELOPMENT_TEAM = 8TA4985CS4;
				GENERATE_INFOPLIST_FILE = YES;
				IPHONEOS_DEPLOYMENT_TARGET = 17.2;
				LD_RUNPATH_SEARCH_PATHS = (
					"$(inherited)",
					"@executable_path/Frameworks",
					"@loader_path/Frameworks",
				);
				MARKETING_VERSION = 1.0.0;
				PRODUCT_BUNDLE_IDENTIFIER = vedatdaglar.FocusGardenTests;
				PRODUCT_NAME = "$(TARGET_NAME)";
				SDKROOT = iphoneos;
				SKIP_INSTALL = YES;
				SWIFT_VERSION = 5.0;
				TEST_HOST = "$(BUILT_PRODUCTS_DIR)/FocusGarden.app/$(BUNDLE_EXECUTABLE_FOLDER_PATH)/FocusGarden";
				VALIDATE_PRODUCT = YES;
			};
			name = Release;
		};
		1DBF58E098F8D8980BB89086 /* Release */ = {
			isa = XCBuildConfiguration;
			buildSettings = {
				APPLICATION_EXTENSION_API_ONLY = YES;
				CLANG_ENABLE_OBJC_WEAK = NO;
				CODE_SIGN_ENTITLEMENTS = FocusGardenWidgetExtension/FocusGardenWidgetExtension.entitlements;
				CODE_SIGN_STYLE = Automatic;
				CURRENT_PROJECT_VERSION = 1;
				DEVELOPMENT_TEAM = 8TA4985CS4;
				GENERATE_INFOPLIST_FILE = NO;
				INFOPLIST_FILE = FocusGardenWidgetExtension/Info.plist;
				IPHONEOS_DEPLOYMENT_TARGET = 17.2;
				LD_RUNPATH_SEARCH_PATHS = (
					"$(inherited)",
					"@executable_path/Frameworks",
					"@executable_path/../../Frameworks",
				);
				MARKETING_VERSION = 1.0.0;
				PRODUCT_BUNDLE_IDENTIFIER = vedatdaglar.FocusGarden.FocusGardenWidgetExtension;
				PRODUCT_NAME = "$(TARGET_NAME)";
				SDKROOT = iphoneos;
				SKIP_INSTALL = YES;
				SWIFT_EMIT_LOC_STRINGS = YES;
				SWIFT_VERSION = 5.0;
				TARGETED_DEVICE_FAMILY = "1,2";
				VALIDATE_PRODUCT = YES;
			};
			name = Release;
		};
		7DF06D8C817610DBE9AC37EC /* Debug */ = {
			isa = XCBuildConfiguration;
			buildSettings = {
				APPLICATION_EXTENSION_API_ONLY = YES;
				CLANG_ENABLE_OBJC_WEAK = NO;
				CODE_SIGN_ENTITLEMENTS = FocusGardenWidgetExtension/FocusGardenWidgetExtension.entitlements;
				CODE_SIGN_STYLE = Automatic;
				CURRENT_PROJECT_VERSION = 1;
				DEVELOPMENT_TEAM = 8TA4985CS4;
				GENERATE_INFOPLIST_FILE = NO;
				INFOPLIST_FILE = FocusGardenWidgetExtension/Info.plist;
				IPHONEOS_DEPLOYMENT_TARGET = 17.2;
				LD_RUNPATH_SEARCH_PATHS = (
					"$(inherited)",
					"@executable_path/Frameworks",
					"@executable_path/../../Frameworks",
				);
				MARKETING_VERSION = 1.0.0;
				PRODUCT_BUNDLE_IDENTIFIER = vedatdaglar.FocusGarden.FocusGardenWidgetExtension;
				PRODUCT_NAME = "$(TARGET_NAME)";
				SDKROOT = iphoneos;
				SKIP_INSTALL = YES;
				SWIFT_EMIT_LOC_STRINGS = YES;
				SWIFT_VERSION = 5.0;
				TARGETED_DEVICE_FAMILY = "1,2";
			};
			name = Debug;
		};
		818E449ACC86F562D9BC4FAF /* Debug */ = {
			isa = XCBuildConfiguration;
			buildSettings = {
				BUNDLE_LOADER = "$(TEST_HOST)";
				CLANG_ENABLE_OBJC_WEAK = NO;
				CODE_SIGN_STYLE = Automatic;
				CURRENT_PROJECT_VERSION = 1;
				DEVELOPMENT_TEAM = 8TA4985CS4;
				GENERATE_INFOPLIST_FILE = YES;
				IPHONEOS_DEPLOYMENT_TARGET = 17.2;
				LD_RUNPATH_SEARCH_PATHS = (
					"$(inherited)",
					"@executable_path/Frameworks",
					"@loader_path/Frameworks",
				);
				MARKETING_VERSION = 1.0.0;
				PRODUCT_BUNDLE_IDENTIFIER = vedatdaglar.FocusGardenTests;
				PRODUCT_NAME = "$(TARGET_NAME)";
				SDKROOT = iphoneos;
				SKIP_INSTALL = YES;
				SWIFT_ACTIVE_COMPILATION_CONDITIONS = "DEBUG $(inherited)";
				SWIFT_OPTIMIZATION_LEVEL = "-Onone";
				SWIFT_VERSION = 5.0;
				TEST_HOST = "$(BUILT_PRODUCTS_DIR)/FocusGarden.app/$(BUNDLE_EXECUTABLE_FOLDER_PATH)/FocusGarden";
			};
			name = Debug;
		};
		D1C2817B2F66050F008F712E /* Debug */ = {
			isa = XCBuildConfiguration;
			buildSettings = {
				ALWAYS_SEARCH_USER_PATHS = NO;
				ASSETCATALOG_COMPILER_GENERATE_SWIFT_ASSET_SYMBOL_EXTENSIONS = YES;
				CLANG_ANALYZER_NONNULL = YES;
				CLANG_ANALYZER_NUMBER_OBJECT_CONVERSION = YES_AGGRESSIVE;
				CLANG_CXX_LANGUAGE_STANDARD = "gnu++20";
				CLANG_ENABLE_MODULES = YES;
				CLANG_ENABLE_OBJC_ARC = YES;
				CLANG_ENABLE_OBJC_WEAK = YES;
				CLANG_WARN_BLOCK_CAPTURE_AUTORELEASING = YES;
				CLANG_WARN_BOOL_CONVERSION = YES;
				CLANG_WARN_COMMA = YES;
				CLANG_WARN_CONSTANT_CONVERSION = YES;
				CLANG_WARN_DEPRECATED_OBJC_IMPLEMENTATIONS = YES;
				CLANG_WARN_DIRECT_OBJC_ISA_USAGE = YES_ERROR;
				CLANG_WARN_DOCUMENTATION_COMMENTS = YES;
				CLANG_WARN_EMPTY_BODY = YES;
				CLANG_WARN_ENUM_CONVERSION = YES;
				CLANG_WARN_INFINITE_RECURSION = YES;
				CLANG_WARN_INT_CONVERSION = YES;
				CLANG_WARN_NON_LITERAL_NULL_CONVERSION = YES;
				CLANG_WARN_OBJC_IMPLICIT_RETAIN_SELF = YES;
				CLANG_WARN_OBJC_LITERAL_CONVERSION = YES;
				CLANG_WARN_OBJC_ROOT_CLASS = YES_ERROR;
				CLANG_WARN_QUOTED_INCLUDE_IN_FRAMEWORK_HEADER = YES;
				CLANG_WARN_RANGE_LOOP_ANALYSIS = YES;
				CLANG_WARN_STRICT_PROTOTYPES = YES;
				CLANG_WARN_SUSPICIOUS_MOVE = YES;
				CLANG_WARN_UNGUARDED_AVAILABILITY = YES_AGGRESSIVE;
				CLANG_WARN_UNREACHABLE_CODE = YES;
				CLANG_WARN__DUPLICATE_METHOD_MATCH = YES;
				COPY_PHASE_STRIP = NO;
				DEBUG_INFORMATION_FORMAT = dwarf;
				ENABLE_STRICT_OBJC_MSGSEND = YES;
				ENABLE_TESTABILITY = YES;
				ENABLE_USER_SCRIPT_SANDBOXING = YES;
				GCC_C_LANGUAGE_STANDARD = gnu17;
				GCC_DYNAMIC_NO_PIC = NO;
				GCC_NO_COMMON_BLOCKS = YES;
				GCC_OPTIMIZATION_LEVEL = 0;
				GCC_PREPROCESSOR_DEFINITIONS = (
					"DEBUG=1",
					"$(inherited)",
				);
				GCC_WARN_64_TO_32_BIT_CONVERSION = YES;
				GCC_WARN_ABOUT_RETURN_TYPE = YES_ERROR;
				GCC_WARN_UNDECLARED_SELECTOR = YES;
				GCC_WARN_UNINITIALIZED_AUTOS = YES_AGGRESSIVE;
				GCC_WARN_UNUSED_FUNCTION = YES;
				GCC_WARN_UNUSED_VARIABLE = YES;
				IPHONEOS_DEPLOYMENT_TARGET = 17.2;
				LOCALIZATION_PREFERS_STRING_CATALOGS = YES;
				MTL_ENABLE_DEBUG_INFO = INCLUDE_SOURCE;
				MTL_FAST_MATH = YES;
				ONLY_ACTIVE_ARCH = YES;
				SDKROOT = iphoneos;
				SWIFT_ACTIVE_COMPILATION_CONDITIONS = "DEBUG $(inherited)";
				SWIFT_OPTIMIZATION_LEVEL = "-Onone";
			};
			name = Debug;
		};
		D1C2817C2F66050F008F712E /* Release */ = {
			isa = XCBuildConfiguration;
			buildSettings = {
				ALWAYS_SEARCH_USER_PATHS = NO;
				ASSETCATALOG_COMPILER_GENERATE_SWIFT_ASSET_SYMBOL_EXTENSIONS = YES;
				CLANG_ANALYZER_NONNULL = YES;
				CLANG_ANALYZER_NUMBER_OBJECT_CONVERSION = YES_AGGRESSIVE;
				CLANG_CXX_LANGUAGE_STANDARD = "gnu++20";
				CLANG_ENABLE_MODULES = YES;
				CLANG_ENABLE_OBJC_ARC = YES;
				CLANG_ENABLE_OBJC_WEAK = YES;
				CLANG_WARN_BLOCK_CAPTURE_AUTORELEASING = YES;
				CLANG_WARN_BOOL_CONVERSION = YES;
				CLANG_WARN_COMMA = YES;
				CLANG_WARN_CONSTANT_CONVERSION = YES;
				CLANG_WARN_DEPRECATED_OBJC_IMPLEMENTATIONS = YES;
				CLANG_WARN_DIRECT_OBJC_ISA_USAGE = YES_ERROR;
				CLANG_WARN_DOCUMENTATION_COMMENTS = YES;
				CLANG_WARN_EMPTY_BODY = YES;
				CLANG_WARN_ENUM_CONVERSION = YES;
				CLANG_WARN_INFINITE_RECURSION = YES;
				CLANG_WARN_INT_CONVERSION = YES;
				CLANG_WARN_NON_LITERAL_NULL_CONVERSION = YES;
				CLANG_WARN_OBJC_IMPLICIT_RETAIN_SELF = YES;
				CLANG_WARN_OBJC_LITERAL_CONVERSION = YES;
				CLANG_WARN_OBJC_ROOT_CLASS = YES_ERROR;
				CLANG_WARN_QUOTED_INCLUDE_IN_FRAMEWORK_HEADER = YES;
				CLANG_WARN_RANGE_LOOP_ANALYSIS = YES;
				CLANG_WARN_STRICT_PROTOTYPES = YES;
				CLANG_WARN_SUSPICIOUS_MOVE = YES;
				CLANG_WARN_UNGUARDED_AVAILABILITY = YES_AGGRESSIVE;
				CLANG_WARN_UNREACHABLE_CODE = YES;
				CLANG_WARN__DUPLICATE_METHOD_MATCH = YES;
				COPY_PHASE_STRIP = NO;
				DEBUG_INFORMATION_FORMAT = "dwarf-with-dsym";
				ENABLE_NS_ASSERTIONS = NO;
				ENABLE_STRICT_OBJC_MSGSEND = YES;
				ENABLE_USER_SCRIPT_SANDBOXING = YES;
				GCC_C_LANGUAGE_STANDARD = gnu17;
				GCC_NO_COMMON_BLOCKS = YES;
				GCC_WARN_64_TO_32_BIT_CONVERSION = YES;
				GCC_WARN_ABOUT_RETURN_TYPE = YES_ERROR;
				GCC_WARN_UNDECLARED_SELECTOR = YES;
				GCC_WARN_UNINITIALIZED_AUTOS = YES_AGGRESSIVE;
				GCC_WARN_UNUSED_FUNCTION = YES;
				GCC_WARN_UNUSED_VARIABLE = YES;
				IPHONEOS_DEPLOYMENT_TARGET = 17.2;
				LOCALIZATION_PREFERS_STRING_CATALOGS = YES;
				MTL_ENABLE_DEBUG_INFO = NO;
				MTL_FAST_MATH = YES;
				SDKROOT = iphoneos;
				SWIFT_COMPILATION_MODE = wholemodule;
				VALIDATE_PRODUCT = YES;
			};
			name = Release;
		};
		D1C2817E2F66050F008F712E /* Debug */ = {
			isa = XCBuildConfiguration;
			buildSettings = {
				ASSETCATALOG_COMPILER_APPICON_NAME = AppIcon;
				ASSETCATALOG_COMPILER_GLOBAL_ACCENT_COLOR_NAME = AccentColor;
				CODE_SIGN_ENTITLEMENTS = FocusGarden.entitlements;
				CODE_SIGN_STYLE = Automatic;
				CURRENT_PROJECT_VERSION = 1;
				DEVELOPMENT_TEAM = 8TA4985CS4;
				ENABLE_PREVIEWS = YES;
				GENERATE_INFOPLIST_FILE = NO;
				INFOPLIST_FILE = FocusGarden/Info.plist;
				LD_RUNPATH_SEARCH_PATHS = (
					"$(inherited)",
					"@executable_path/Frameworks",
				);
				MARKETING_VERSION = 1.0.0;
				PRODUCT_BUNDLE_IDENTIFIER = vedatdaglar.FocusGarden;
				PRODUCT_NAME = "$(TARGET_NAME)";
				STRING_CATALOG_GENERATE_SYMBOLS = YES;
				SWIFT_APPROACHABLE_CONCURRENCY = YES;
				SWIFT_DEFAULT_ACTOR_ISOLATION = MainActor;
				SWIFT_EMIT_LOC_STRINGS = YES;
				SWIFT_UPCOMING_FEATURE_MEMBER_IMPORT_VISIBILITY = YES;
				SWIFT_VERSION = 5.0;
				TARGETED_DEVICE_FAMILY = "1,2";
			};
			name = Debug;
		};
		D1C2817F2F66050F008F712E /* Release */ = {
			isa = XCBuildConfiguration;
			buildSettings = {
				ASSETCATALOG_COMPILER_APPICON_NAME = AppIcon;
				ASSETCATALOG_COMPILER_GLOBAL_ACCENT_COLOR_NAME = AccentColor;
				CODE_SIGN_ENTITLEMENTS = FocusGarden.entitlements;
				CODE_SIGN_STYLE = Automatic;
				CURRENT_PROJECT_VERSION = 1;
				DEVELOPMENT_TEAM = 8TA4985CS4;
				ENABLE_PREVIEWS = YES;
				GENERATE_INFOPLIST_FILE = NO;
				INFOPLIST_FILE = FocusGarden/Info.plist;
				LD_RUNPATH_SEARCH_PATHS = (
					"$(inherited)",
					"@executable_path/Frameworks",
				);
				MARKETING_VERSION = 1.0.0;
				PRODUCT_BUNDLE_IDENTIFIER = vedatdaglar.FocusGarden;
				PRODUCT_NAME = "$(TARGET_NAME)";
				STRING_CATALOG_GENERATE_SYMBOLS = YES;
				SWIFT_APPROACHABLE_CONCURRENCY = YES;
				SWIFT_DEFAULT_ACTOR_ISOLATION = MainActor;
				SWIFT_EMIT_LOC_STRINGS = YES;
				SWIFT_UPCOMING_FEATURE_MEMBER_IMPORT_VISIBILITY = YES;
				SWIFT_VERSION = 5.0;
				TARGETED_DEVICE_FAMILY = "1,2";
			};
			name = Release;
		};
/* End XCBuildConfiguration section */

/* Begin XCConfigurationList section */
		381A9AC057459DFFE6C3267A /* Build configuration list for PBXNativeTarget "FocusGardenTests" */ = {
			isa = XCConfigurationList;
			buildConfigurations = (
				0F6C5CCC81A83BBC8E58CE73 /* Release */,
				818E449ACC86F562D9BC4FAF /* Debug */,
			);
			defaultConfigurationIsVisible = 0;
			defaultConfigurationName = Release;
		};
		3A35C4139F1E31565A8B262C /* Build configuration list for PBXNativeTarget "FocusGardenWidgetExtension" */ = {
			isa = XCConfigurationList;
			buildConfigurations = (
				1DBF58E098F8D8980BB89086 /* Release */,
				7DF06D8C817610DBE9AC37EC /* Debug */,
			);
			defaultConfigurationIsVisible = 0;
			defaultConfigurationName = Release;
		};
		D1C2816B2F66050E008F712E /* Build configuration list for PBXProject "FocusGarden" */ = {
			isa = XCConfigurationList;
			buildConfigurations = (
				D1C2817B2F66050F008F712E /* Debug */,
				D1C2817C2F66050F008F712E /* Release */,
			);
			defaultConfigurationIsVisible = 0;
			defaultConfigurationName = Release;
		};
		D1C2817D2F66050F008F712E /* Build configuration list for PBXNativeTarget "FocusGarden" */ = {
			isa = XCConfigurationList;
			buildConfigurations = (
				D1C2817E2F66050F008F712E /* Debug */,
				D1C2817F2F66050F008F712E /* Release */,
			);
			defaultConfigurationIsVisible = 0;
			defaultConfigurationName = Release;
		};
/* End XCConfigurationList section */
	};
	rootObject = D1C281682F66050E008F712E /* Project object */;
}
